%{
  "axon": {:hex, :axon, "0.3.1", "d2f678871d439ff623c50eecb255e2e89de9e2cd5d4bb7a40d9a80f3a46b86d1", [:mix], [{:kino, "~> 0.7", [hex: :kino, repo: "hexpm", optional: true]}, {:nx, "~> 0.4.0", [hex: :nx, repo: "hexpm", optional: false]}, {:table_rex, "~> 3.1.1", [hex: :table_rex, repo: "hexpm", optional: true]}], "hexpm", "01e0c085a3f26d0cccd44e29a2f308c537ad71d573bb853130f1fd484caccd55"},
  "castore": {:hex, :castore, "0.1.22", "4127549e411bedd012ca3a308dede574f43819fe9394254ca55ab4895abfa1a2", [:mix], [], "hexpm", "c17576df47eb5aa1ee40cc4134316a99f5cad3e215d5c77b8dd3cfef12a22cac"},
  "cc_precompiler": {:hex, :cc_precompiler, "0.1.5", "ac3ef86f31ab579b856192a948e956cc3e4bb5006e303c4ab4b24958108e218a", [:mix], [{:elixir_make, "~> 0.7.3", [hex: :elixir_make, repo: "hexpm", optional: false]}], "hexpm", "ee5b2e56eb03798231a3d322579fff509139a534ef54205d04c188e18cab1f57"},
  "complex": {:hex, :complex, "0.4.3", "84db4aad241099a8785446ac6eacf498bf3a60634a0e45c7745d875714ddbf98", [:mix], [], "hexpm", "2ceda96ebddcc22697974f1a2666d4cc5dfdd34f8cd8c4f9dced037bcb41eeb5"},
  "elixir_make": {:hex, :elixir_make, "0.7.3", "c37fdae1b52d2cc51069713a58c2314877c1ad40800a57efb213f77b078a460d", [:mix], [{:castore, "~> 0.1", [hex: :castore, repo: "hexpm", optional: true]}], "hexpm", "24ada3e3996adbed1fa024ca14995ef2ba3d0d17b678b0f3f2b1f66e6ce2b274"},
  "exla": {:hex, :exla, "0.4.2", "7d5008c36c942de75efddffe4a4e6aac98da722261b7188b23b1363282a146a8", [:make, :mix], [{:elixir_make, "~> 0.6", [hex: :elixir_make, repo: "hexpm", optional: false]}, {:nx, "~> 0.4.2", [hex: :nx, repo: "hexpm", optional: false]}, {:telemetry, "~> 0.4.0 or ~> 1.0", [hex: :telemetry, repo: "hexpm", optional: false]}, {:xla, "~> 0.4.0", [hex: :xla, repo: "hexpm", optional: false]}], "hexpm", "c7c5d70073c30ca4fee3981d992d27f2a2c1d8333b012ab8d0f7330c3624ee79"},
  "finch": {:hex, :finch, "0.14.0", "619bfdee18fc135190bf590356c4bf5d5f71f916adb12aec94caa3fa9267a4bc", [:mix], [{:castore, "~> 0.1", [hex: :castore, repo: "hexpm", optional: false]}, {:mime, "~> 1.0 or ~> 2.0", [hex: :mime, repo: "hexpm", optional: false]}, {:mint, "~> 1.3", [hex: :mint, repo: "hexpm", optional: false]}, {:nimble_options, "~> 0.4", [hex: :nimble_options, repo: "hexpm", optional: false]}, {:nimble_pool, "~> 0.2.6", [hex: :nimble_pool, repo: "hexpm", optional: false]}, {:telemetry, "~> 0.4 or ~> 1.0", [hex: :telemetry, repo: "hexpm", optional: false]}], "hexpm", "5459acaf18c4fdb47a8c22fb3baff5d8173106217c8e56c5ba0b93e66501a8dd"},
  "hpax": {:hex, :hpax, "0.1.2", "09a75600d9d8bbd064cdd741f21fc06fc1f4cf3d0fcc335e5aa19be1a7235c84", [:mix], [], "hexpm", "2c87843d5a23f5f16748ebe77969880e29809580efdaccd615cd3bed628a8c13"},
  "image": {:hex, :image, "0.22.1", "510b1ebea58ad8f1603690e16e313cb6d7d03e8cf82143ce2f772ce751f19e19", [:mix], [{:bumblebee, "~> 0.1.0", [hex: :bumblebee, repo: "hexpm", optional: true]}, {:evision, ">= 0.1.14", [hex: :evision, repo: "hexpm", optional: true]}, {:exla, "~> 0.4.1", [hex: :exla, repo: "hexpm", optional: true]}, {:jason, "~> 1.4", [hex: :jason, repo: "hexpm", optional: true]}, {:kino, "~> 0.7", [hex: :kino, repo: "hexpm", optional: true]}, {:nx, "~> 0.4.1", [hex: :nx, repo: "hexpm", optional: true]}, {:phoenix_html, "~> 3.2 or ~> 2.14", [hex: :phoenix_html, repo: "hexpm", optional: false]}, {:plug, "~> 1.13", [hex: :plug, repo: "hexpm", optional: true]}, {:sweet_xml, "~> 0.7", [hex: :sweet_xml, repo: "hexpm", optional: false]}, {:vix, "~> 0.15", [hex: :vix, repo: "hexpm", optional: false]}], "hexpm", "9f38ee9a349a7da6d181c0ed8c8f98f2a24a1ad092414b242967bf9eaa4125bd"},
  "mime": {:hex, :mime, "2.0.3", "3676436d3d1f7b81b5a2d2bd8405f412c677558c81b1c92be58c00562bb59095", [:mix], [], "hexpm", "27a30bf0db44d25eecba73755acf4068cbfe26a4372f9eb3e4ea3a45956bff6b"},
  "mint": {:hex, :mint, "1.4.2", "50330223429a6e1260b2ca5415f69b0ab086141bc76dc2fbf34d7c389a6675b2", [:mix], [{:castore, "~> 0.1.0", [hex: :castore, repo: "hexpm", optional: true]}, {:hpax, "~> 0.1.1", [hex: :hpax, repo: "hexpm", optional: false]}], "hexpm", "ce75a5bbcc59b4d7d8d70f8b2fc284b1751ffb35c7b6a6302b5192f8ab4ddd80"},
  "nimble_csv": {:hex, :nimble_csv, "1.2.0", "4e26385d260c61eba9d4412c71cea34421f296d5353f914afe3f2e71cce97722", [:mix], [], "hexpm", "d0628117fcc2148178b034044c55359b26966c6eaa8e2ce15777be3bbc91b12a"},
  "nimble_options": {:hex, :nimble_options, "0.5.2", "42703307b924880f8c08d97719da7472673391905f528259915782bb346e0a1b", [:mix], [], "hexpm", "4da7f904b915fd71db549bcdc25f8d56f378ef7ae07dc1d372cbe72ba950dce0"},
  "nimble_pool": {:hex, :nimble_pool, "0.2.6", "91f2f4c357da4c4a0a548286c84a3a28004f68f05609b4534526871a22053cde", [:mix], [], "hexpm", "1c715055095d3f2705c4e236c18b618420a35490da94149ff8b580a2144f653f"},
  "nx": {:hex, :nx, "0.4.2", "444e9cc1b1e95edf8c9d9d9f22635349a0cd60cb6a07d4954f3016b2d6d178d7", [:mix], [{:complex, "~> 0.4.3", [hex: :complex, repo: "hexpm", optional: false]}], "hexpm", "9d8f110cf733c4bbc86f0a5fe08f6537e106c39bbcb6dfabc7ef33f14f12edb3"},
  "nx_image": {:hex, :nx_image, "0.1.0", "ae10fa41fa95126f934d6160ef4320f7db583535fb868415f2562fe19969d245", [:mix], [{:nx, "~> 0.4", [hex: :nx, repo: "hexpm", optional: false]}], "hexpm", "60a2928164cdca540b4c180ff25579b97a5f2a650fc890d40db3e1a7798c93ad"},
  "phoenix_html": {:hex, :phoenix_html, "3.2.0", "1c1219d4b6cb22ac72f12f73dc5fad6c7563104d083f711c3fcd8551a1f4ae11", [:mix], [{:plug, "~> 1.5", [hex: :plug, repo: "hexpm", optional: true]}], "hexpm", "36ec97ba56d25c0136ef1992c37957e4246b649d620958a1f9fa86165f8bc54f"},
  "sweet_xml": {:hex, :sweet_xml, "0.7.3", "debb256781c75ff6a8c5cbf7981146312b66f044a2898f453709a53e5031b45b", [:mix], [], "hexpm", "e110c867a1b3fe74bfc7dd9893aa851f0eed5518d0d7cad76d7baafd30e4f5ba"},
  "table_rex": {:hex, :table_rex, "3.1.1", "0c67164d1714b5e806d5067c1e96ff098ba7ae79413cc075973e17c38a587caa", [:mix], [], "hexpm", "678a23aba4d670419c23c17790f9dcd635a4a89022040df7d5d772cb21012490"},
  "telemetry": {:hex, :telemetry, "1.2.1", "68fdfe8d8f05a8428483a97d7aab2f268aaff24b49e0f599faa091f1d4e7f61c", [:rebar3], [], "hexpm", "dad9ce9d8effc621708f99eac538ef1cbe05d6a874dd741de2e689c47feafed5"},
  "vix": {:git, "https://github.com/akash-akya/vix.git", "073feff8ba1068053a944f28e39d4c8c6397f2f3", [branch: "dev"]},
  "xla": {:hex, :xla, "0.4.3", "cf6201aaa44d990298996156a83a16b9a87c5fbb257758dbf4c3e83c5e1c4b96", [:make, :mix], [{:elixir_make, "~> 0.4", [hex: :elixir_make, repo: "hexpm", optional: false]}], "hexpm", "caae164b56dcaec6fbcabcd7dea14303afde07623b0cfa4a3cd2576b923105f5"},
}
